PODS:
  - Alamofire (4.0.1)
  - IBentifiers (1.0.0)
  - Nimble (5.1.0)
  - Nuke (4.1.2)
  - OHHTTPStubs (5.2.2):
    - OHHTTPStubs/Default (= 5.2.2)
  - OHHTTPStubs/Core (5.2.2)
  - OHHTTPStubs/Default (5.2.2):
    - OHHTTPStubs/Core
    - OHHTTPStubs/JSON
    - OHHTTPStubs/NSURLSession
    - OHHTTPStubs/OHPathHelpers
  - OHHTTPStubs/JSON (5.2.2):
    - OHHTTPStubs/Core
  - OHHTTPStubs/NSURLSession (5.2.2):
    - OHHTTPStubs/Core
  - OHHTTPStubs/OHPathHelpers (5.2.2)
  - OHHTTPStubs/Swift (5.2.2):
    - OHHTTPStubs/Core
  - PromiseKit (4.0.4):
    - PromiseKit/Foundation (= 4.0.4)
    - PromiseKit/QuartzCore (= 4.0.4)
    - PromiseKit/UIKit (= 4.0.4)
  - PromiseKit/CorePromise (4.0.4)
  - PromiseKit/Foundation (4.0.4):
    - PromiseKit/CorePromise
  - PromiseKit/QuartzCore (4.0.4):
    - PromiseKit/CorePromise
  - PromiseKit/UIKit (4.0.4):
    - PromiseKit/CorePromise
  - Unbox (2.2.0)
  - Wolf/Unbox (2.0.0):
    - Alamofire (~> 4.0)
    - PromiseKit (~> 4.0)
    - Unbox (~> 2.2)

DEPENDENCIES:
  - IBentifiers (~> 1.0)
  - Nimble (~> 5.0)
  - Nuke (~> 4.1)
  - OHHTTPStubs (~> 5.2)
  - OHHTTPStubs/Swift (~> 5.2)
  - Wolf/Unbox (from `../`)

EXTERNAL SOURCES:
  Wolf:
    :path: "../"

SPEC CHECKSUMS:
  Alamofire: 7682d43245de14874acd142ec137b144aa1dd335
  IBentifiers: 6bf75e0a4ff97694a35fa4d94108482ce1a2d8a2
  Nimble: 5ea121a2eda60440287054cde077fc0ad22227b3
  Nuke: 7cfd2acdf90c36f66e6ea40795bac0d851a9afe0
  OHHTTPStubs: 34d9d0994e64fcf8552dbfade5ce82ada913ee31
  PromiseKit: 8e8ee39d33ff199d92a1a883b5396f6285be6c91
  Unbox: 03d7128ce429987986bc08d967e9d5e0da158946
  Wolf: 78c0732b39b9c61f119e4b46890e876698cbfbaf

PODFILE CHECKSUM: b19cc6f014b71333f1c0897e912e261aaf672e96

COCOAPODS: 1.1.0
